// !$*UTF8*$!
{
	archiveVersion = 1;
	classes = {
	};
	objectVersion = 46;
	objects = {

/* Begin PBXBuildFile section */
		34C27B261DB346B200E691EC /* QuartzCore.framework in Frameworks */ = {isa = PBXBuildFile; fileRef = 34C27B251DB346B200E691EC /* QuartzCore.framework */; };
		505A11071DADB39D00262C8C /* Launch Screen.storyboard in Resources */ = {isa = PBXBuildFile; fileRef = 505A11061DADB39D00262C8C /* Launch Screen.storyboard */; };
		7D5BBC787166A5290DA9B364 /* libPods-BFPaperCheckboxTests.a in Frameworks */ = {isa = PBXBuildFile; fileRef = 860E0D8AD074EC7313F6EBBA /* libPods-BFPaperCheckboxTests.a */; };
		F40AB593197DE209008EC959 /* Foundation.framework in Frameworks */ = {isa = PBXBuildFile; fileRef = F40AB592197DE209008EC959 /* Foundation.framework */; };
		F40AB595197DE209008EC959 /* CoreGraphics.framework in Frameworks */ = {isa = PBXBuildFile; fileRef = F40AB594197DE209008EC959 /* CoreGraphics.framework */; };
		F40AB597197DE209008EC959 /* UIKit.framework in Frameworks */ = {isa = PBXBuildFile; fileRef = F40AB596197DE209008EC959 /* UIKit.framework */; };
		F40AB59D197DE209008EC959 /* InfoPlist.strings in Resources */ = {isa = PBXBuildFile; fileRef = F40AB59B197DE209008EC959 /* InfoPlist.strings */; };
		F40AB59F197DE209008EC959 /* main.m in Sources */ = {isa = PBXBuildFile; fileRef = F40AB59E197DE209008EC959 /* main.m */; };
		F40AB5A3197DE209008EC959 /* BFPaperAppDelegate.m in Sources */ = {isa = PBXBuildFile; fileRef = F40AB5A2197DE209008EC959 /* BFPaperAppDelegate.m */; };
		F40AB5A6197DE209008EC959 /* Main.storyboard in Resources */ = {isa = PBXBuildFile; fileRef = F40AB5A4197DE209008EC959 /* Main.storyboard */; };
		F40AB5A9197DE209008EC959 /* BFPaperViewController.m in Sources */ = {isa = PBXBuildFile; fileRef = F40AB5A8197DE209008EC959 /* BFPaperViewController.m */; };
		F40AB5AB197DE209008EC959 /* Images.xcassets in Resources */ = {isa = PBXBuildFile; fileRef = F40AB5AA197DE209008EC959 /* Images.xcassets */; };
		F40AB5B2197DE209008EC959 /* XCTest.framework in Frameworks */ = {isa = PBXBuildFile; fileRef = F40AB5B1197DE209008EC959 /* XCTest.framework */; };
		F40AB5B3197DE209008EC959 /* Foundation.framework in Frameworks */ = {isa = PBXBuildFile; fileRef = F40AB592197DE209008EC959 /* Foundation.framework */; };
		F40AB5B4197DE209008EC959 /* UIKit.framework in Frameworks */ = {isa = PBXBuildFile; fileRef = F40AB596197DE209008EC959 /* UIKit.framework */; };
		F40AB5BC197DE209008EC959 /* InfoPlist.strings in Resources */ = {isa = PBXBuildFile; fileRef = F40AB5BA197DE209008EC959 /* InfoPlist.strings */; };
		F40AB5BE197DE209008EC959 /* BFPaperCheckboxTests.m in Sources */ = {isa = PBXBuildFile; fileRef = F40AB5BD197DE209008EC959 /* BFPaperCheckboxTests.m */; };
		F40AB5C9197DE2CB008EC959 /* BFPaperCheckbox.m in Sources */ = {isa = PBXBuildFile; fileRef = F40AB5C8197DE2CB008EC959 /* BFPaperCheckbox.m */; };
		FA9E060D1F4C720895C84682 /* libPods-BFPaperCheckbox.a in Frameworks */ = {isa = PBXBuildFile; fileRef = 2B3874EFE72FED62901BF38A /* libPods-BFPaperCheckbox.a */; };
/* End PBXBuildFile section */

/* Begin PBXContainerItemProxy section */
		F40AB5B5197DE209008EC959 /* PBXContainerItemProxy */ = {
			isa = PBXContainerItemProxy;
			containerPortal = F40AB587197DE209008EC959 /* Project object */;
			proxyType = 1;
			remoteGlobalIDString = F40AB58E197DE209008EC959;
			remoteInfo = BFPaperCheckbox;
		};
/* End PBXContainerItemProxy section */

/* Begin PBXFileReference section */
		27E048C28C0139383E3CB039 /* Pods-BFPaperCheckbox.debug.xcconfig */ = {isa = PBXFileReference; includeInIndex = 1; lastKnownFileType = text.xcconfig; name = "Pods-BFPaperCheckbox.debug.xcconfig"; path = "Pods/Target Support Files/Pods-BFPaperCheckbox/Pods-BFPaperCheckbox.debug.xcconfig"; sourceTree = "<group>"; };
		2B3874EFE72FED62901BF38A /* libPods-BFPaperCheckbox.a */ = {isa = PBXFileReference; explicitFileType = archive.ar; includeInIndex = 0; path = "libPods-BFPaperCheckbox.a"; sourceTree = BUILT_PRODUCTS_DIR; };
		2E554A6366644F1E7C093107 /* Pods-BFPaperCheckboxTests.debug.xcconfig */ = {isa = PBXFileReference; includeInIndex = 1; lastKnownFileType = text.xcconfig; name = "Pods-BFPaperCheckboxTests.debug.xcconfig"; path = "Pods/Target Support Files/Pods-BFPaperCheckboxTests/Pods-BFPaperCheckboxTests.debug.xcconfig"; sourceTree = "<group>"; };
		34C27B251DB346B200E691EC /* QuartzCore.framework */ = {isa = PBXFileReference; lastKnownFileType = wrapper.framework; name = QuartzCore.framework; path = System/Library/Frameworks/QuartzCore.framework; sourceTree = SDKROOT; };
		505A11061DADB39D00262C8C /* Launch Screen.storyboard */ = {isa = PBXFileReference; fileEncoding = 4; lastKnownFileType = file.storyboard; path = "Launch Screen.storyboard"; sourceTree = "<group>"; };
		65CD7C6BBAFE71213B1CC54C /* Pods-BFPaperCheckboxTests.release.xcconfig */ = {isa = PBXFileReference; includeInIndex = 1; lastKnownFileType = text.xcconfig; name = "Pods-BFPaperCheckboxTests.release.xcconfig"; path = "Pods/Target Support Files/Pods-BFPaperCheckboxTests/Pods-BFPaperCheckboxTests.release.xcconfig"; sourceTree = "<group>"; };
		860E0D8AD074EC7313F6EBBA /* libPods-BFPaperCheckboxTests.a */ = {isa = PBXFileReference; explicitFileType = archive.ar; includeInIndex = 0; path = "libPods-BFPaperCheckboxTests.a"; sourceTree = BUILT_PRODUCTS_DIR; };
		CEF77EB02D26F2B6F6645610 /* Pods-BFPaperCheckbox.release.xcconfig */ = {isa = PBXFileReference; includeInIndex = 1; lastKnownFileType = text.xcconfig; name = "Pods-BFPaperCheckbox.release.xcconfig"; path = "Pods/Target Support Files/Pods-BFPaperCheckbox/Pods-BFPaperCheckbox.release.xcconfig"; sourceTree = "<group>"; };
		F40AB58F197DE209008EC959 /* BFPaperCheckbox.app */ = {isa = PBXFileReference; explicitFileType = wrapper.application; includeInIndex = 0; path = BFPaperCheckbox.app; sourceTree = BUILT_PRODUCTS_DIR; };
		F40AB592197DE209008EC959 /* Foundation.framework */ = {isa = PBXFileReference; lastKnownFileType = wrapper.framework; name = Foundation.framework; path = System/Library/Frameworks/Foundation.framework; sourceTree = SDKROOT; };
		F40AB594197DE209008EC959 /* CoreGraphics.framework */ = {isa = PBXFileReference; lastKnownFileType = wrapper.framework; name = CoreGraphics.framework; path = System/Library/Frameworks/CoreGraphics.framework; sourceTree = SDKROOT; };
		F40AB596197DE209008EC959 /* UIKit.framework */ = {isa = PBXFileReference; lastKnownFileType = wrapper.framework; name = UIKit.framework; path = System/Library/Frameworks/UIKit.framework; sourceTree = SDKROOT; };
		F40AB59A197DE209008EC959 /* BFPaperCheckbox-Info.plist */ = {isa = PBXFileReference; lastKnownFileType = text.plist.xml; path = "BFPaperCheckbox-Info.plist"; sourceTree = "<group>"; };
		F40AB59C197DE209008EC959 /* en */ = {isa = PBXFileReference; lastKnownFileType = text.plist.strings; name = en; path = en.lproj/InfoPlist.strings; sourceTree = "<group>"; };
		F40AB59E197DE209008EC959 /* main.m */ = {isa = PBXFileReference; lastKnownFileType = sourcecode.c.objc; path = main.m; sourceTree = "<group>"; };
		F40AB5A0197DE209008EC959 /* BFPaperCheckbox-Prefix.pch */ = {isa = PBXFileReference; lastKnownFileType = sourcecode.c.h; path = "BFPaperCheckbox-Prefix.pch"; sourceTree = "<group>"; };
		F40AB5A1197DE209008EC959 /* BFPaperAppDelegate.h */ = {isa = PBXFileReference; lastKnownFileType = sourcecode.c.h; path = BFPaperAppDelegate.h; sourceTree = "<group>"; };
		F40AB5A2197DE209008EC959 /* BFPaperAppDelegate.m */ = {isa = PBXFileReference; lastKnownFileType = sourcecode.c.objc; path = BFPaperAppDelegate.m; sourceTree = "<group>"; };
		F40AB5A5197DE209008EC959 /* Base */ = {isa = PBXFileReference; lastKnownFileType = file.storyboard; name = Base; path = Base.lproj/Main.storyboard; sourceTree = "<group>"; };
		F40AB5A7197DE209008EC959 /* BFPaperViewController.h */ = {isa = PBXFileReference; lastKnownFileType = sourcecode.c.h; path = BFPaperViewController.h; sourceTree = "<group>"; };
		F40AB5A8197DE209008EC959 /* BFPaperViewController.m */ = {isa = PBXFileReference; lastKnownFileType = sourcecode.c.objc; path = BFPaperViewController.m; sourceTree = "<group>"; };
		F40AB5AA197DE209008EC959 /* Images.xcassets */ = {isa = PBXFileReference; lastKnownFileType = folder.assetcatalog; path = Images.xcassets; sourceTree = "<group>"; };
		F40AB5B0197DE209008EC959 /* BFPaperCheckboxTests.xctest */ = {isa = PBXFileReference; explicitFileType = wrapper.cfbundle; includeInIndex = 0; path = BFPaperCheckboxTests.xctest; sourceTree = BUILT_PRODUCTS_DIR; };
		F40AB5B1197DE209008EC959 /* XCTest.framework */ = {isa = PBXFileReference; lastKnownFileType = wrapper.framework; name = XCTest.framework; path = Library/Frameworks/XCTest.framework; sourceTree = DEVELOPER_DIR; };
		F40AB5B9197DE209008EC959 /* BFPaperCheckboxTests-Info.plist */ = {isa = PBXFileReference; lastKnownFileType = text.plist.xml; path = "BFPaperCheckboxTests-Info.plist"; sourceTree = "<group>"; };
		F40AB5BB197DE209008EC959 /* en */ = {isa = PBXFileReference; lastKnownFileType = text.plist.strings; name = en; path = en.lproj/InfoPlist.strings; sourceTree = "<group>"; };
		F40AB5BD197DE209008EC959 /* BFPaperCheckboxTests.m */ = {isa = PBXFileReference; lastKnownFileType = sourcecode.c.objc; path = BFPaperCheckboxTests.m; sourceTree = "<group>"; };
		F40AB5C7197DE2CB008EC959 /* BFPaperCheckbox.h */ = {isa = PBXFileReference; fileEncoding = 4; lastKnownFileType = sourcecode.c.h; name = BFPaperCheckbox.h; path = Classes/BFPaperCheckbox.h; sourceTree = SOURCE_ROOT; };
		F40AB5C8197DE2CB008EC959 /* BFPaperCheckbox.m */ = {isa = PBXFileReference; fileEncoding = 4; lastKnownFileType = sourcecode.c.objc; name = BFPaperCheckbox.m; path = Classes/BFPaperCheckbox.m; sourceTree = SOURCE_ROOT; };
/* End PBXFileReference section */

/* Begin PBXFrameworksBuildPhase section */
		F40AB58C197DE209008EC959 /* Frameworks */ = {
			isa = PBXFrameworksBuildPhase;
			buildActionMask = 2147483647;
			files = (
				34C27B261DB346B200E691EC /* QuartzCore.framework in Frameworks */,
				F40AB595197DE209008EC959 /* CoreGraphics.framework in Frameworks */,
				F40AB597197DE209008EC959 /* UIKit.framework in Frameworks */,
				F40AB593197DE209008EC959 /* Foundation.framework in Frameworks */,
				FA9E060D1F4C720895C84682 /* libPods-BFPaperCheckbox.a in Frameworks */,
			);
			runOnlyForDeploymentPostprocessing = 0;
		};
		F40AB5AD197DE209008EC959 /* Frameworks */ = {
			isa = PBXFrameworksBuildPhase;
			buildActionMask = 2147483647;
			files = (
				F40AB5B2197DE209008EC959 /* XCTest.framework in Frameworks */,
				F40AB5B4197DE209008EC959 /* UIKit.framework in Frameworks */,
				F40AB5B3197DE209008EC959 /* Foundation.framework in Frameworks */,
				7D5BBC787166A5290DA9B364 /* libPods-BFPaperCheckboxTests.a in Frameworks */,
			);
			runOnlyForDeploymentPostprocessing = 0;
		};
/* End PBXFrameworksBuildPhase section */

/* Begin PBXGroup section */
		0C112C18C1E072E46533298D /* Pods */ = {
			isa = PBXGroup;
			children = (
				27E048C28C0139383E3CB039 /* Pods-BFPaperCheckbox.debug.xcconfig */,
				CEF77EB02D26F2B6F6645610 /* Pods-BFPaperCheckbox.release.xcconfig */,
				2E554A6366644F1E7C093107 /* Pods-BFPaperCheckboxTests.debug.xcconfig */,
				65CD7C6BBAFE71213B1CC54C /* Pods-BFPaperCheckboxTests.release.xcconfig */,
			);
			name = Pods;
			sourceTree = "<group>";
		};
		F40AB586197DE209008EC959 = {
			isa = PBXGroup;
			children = (
				F40AB598197DE209008EC959 /* BFPaperCheckbox */,
				F40AB5B7197DE209008EC959 /* BFPaperCheckboxTests */,
				F40AB591197DE209008EC959 /* Frameworks */,
				F40AB590197DE209008EC959 /* Products */,
				0C112C18C1E072E46533298D /* Pods */,
			);
			sourceTree = "<group>";
		};
		F40AB590197DE209008EC959 /* Products */ = {
			isa = PBXGroup;
			children = (
				F40AB58F197DE209008EC959 /* BFPaperCheckbox.app */,
				F40AB5B0197DE209008EC959 /* BFPaperCheckboxTests.xctest */,
			);
			name = Products;
			sourceTree = "<group>";
		};
		F40AB591197DE209008EC959 /* Frameworks */ = {
			isa = PBXGroup;
			children = (
				34C27B251DB346B200E691EC /* QuartzCore.framework */,
				F40AB592197DE209008EC959 /* Foundation.framework */,
				F40AB594197DE209008EC959 /* CoreGraphics.framework */,
				F40AB596197DE209008EC959 /* UIKit.framework */,
				F40AB5B1197DE209008EC959 /* XCTest.framework */,
				2B3874EFE72FED62901BF38A /* libPods-BFPaperCheckbox.a */,
				860E0D8AD074EC7313F6EBBA /* libPods-BFPaperCheckboxTests.a */,
			);
			name = Frameworks;
			sourceTree = "<group>";
		};
		F40AB598197DE209008EC959 /* BFPaperCheckbox */ = {
			isa = PBXGroup;
			children = (
				F40AB5CA197DE2CF008EC959 /* Classes */,
				F40AB5A4197DE209008EC959 /* Main.storyboard */,
				F40AB5A7197DE209008EC959 /* BFPaperViewController.h */,
				F40AB5A8197DE209008EC959 /* BFPaperViewController.m */,
				F40AB5AA197DE209008EC959 /* Images.xcassets */,
				F40AB599197DE209008EC959 /* Supporting Files */,
			);
			path = BFPaperCheckbox;
			sourceTree = "<group>";
		};
		F40AB599197DE209008EC959 /* Supporting Files */ = {
			isa = PBXGroup;
			children = (
				F40AB5A1197DE209008EC959 /* BFPaperAppDelegate.h */,
				F40AB5A2197DE209008EC959 /* BFPaperAppDelegate.m */,
				F40AB59A197DE209008EC959 /* BFPaperCheckbox-Info.plist */,
				F40AB59B197DE209008EC959 /* InfoPlist.strings */,
				F40AB59E197DE209008EC959 /* main.m */,
				F40AB5A0197DE209008EC959 /* BFPaperCheckbox-Prefix.pch */,
				505A11061DADB39D00262C8C /* Launch Screen.storyboard */,
			);
			name = "Supporting Files";
			sourceTree = "<group>";
		};
		F40AB5B7197DE209008EC959 /* BFPaperCheckboxTests */ = {
			isa = PBXGroup;
			children = (
				F40AB5BD197DE209008EC959 /* BFPaperCheckboxTests.m */,
				F40AB5B8197DE209008EC959 /* Supporting Files */,
			);
			path = BFPaperCheckboxTests;
			sourceTree = "<group>";
		};
		F40AB5B8197DE209008EC959 /* Supporting Files */ = {
			isa = PBXGroup;
			children = (
				F40AB5B9197DE209008EC959 /* BFPaperCheckboxTests-Info.plist */,
				F40AB5BA197DE209008EC959 /* InfoPlist.strings */,
			);
			name = "Supporting Files";
			sourceTree = "<group>";
		};
		F40AB5CA197DE2CF008EC959 /* Classes */ = {
			isa = PBXGroup;
			children = (
				F40AB5C7197DE2CB008EC959 /* BFPaperCheckbox.h */,
				F40AB5C8197DE2CB008EC959 /* BFPaperCheckbox.m */,
			);
			name = Classes;
			sourceTree = "<group>";
		};
/* End PBXGroup section */

/* Begin PBXNativeTarget section */
		F40AB58E197DE209008EC959 /* BFPaperCheckbox */ = {
			isa = PBXNativeTarget;
			buildConfigurationList = F40AB5C1197DE209008EC959 /* Build configuration list for PBXNativeTarget "BFPaperCheckbox" */;
			buildPhases = (
				096BF3841197EC8BC6AE1C14 /* [CP] Check Pods Manifest.lock */,
				F40AB58B197DE209008EC959 /* Sources */,
				F40AB58C197DE209008EC959 /* Frameworks */,
				F45A44F11A77113D006A64C3 /* ShellScript */,
				F40AB58D197DE209008EC959 /* Resources */,
				29F05F9DCAA07B4CD6F18289 /* [CP] Embed Pods Frameworks */,
				53D339CC74F3258DAEA7949D /* [CP] Copy Pods Resources */,
			);
			buildRules = (
			);
			dependencies = (
			);
			name = BFPaperCheckbox;
			productName = BFPaperCheckbox;
			productReference = F40AB58F197DE209008EC959 /* BFPaperCheckbox.app */;
			productType = "com.apple.product-type.application";
		};
		F40AB5AF197DE209008EC959 /* BFPaperCheckboxTests */ = {
			isa = PBXNativeTarget;
			buildConfigurationList = F40AB5C4197DE209008EC959 /* Build configuration list for PBXNativeTarget "BFPaperCheckboxTests" */;
			buildPhases = (
				A1B00AE70FB8B1F35BD5BABC /* [CP] Check Pods Manifest.lock */,
				F40AB5AC197DE209008EC959 /* Sources */,
				F40AB5AD197DE209008EC959 /* Frameworks */,
				F40AB5AE197DE209008EC959 /* Resources */,
				E487B7BCE62A9B22BBA7DC68 /* [CP] Embed Pods Frameworks */,
				412C4DB4706B539F2BAB7480 /* [CP] Copy Pods Resources */,
			);
			buildRules = (
			);
			dependencies = (
				F40AB5B6197DE209008EC959 /* PBXTargetDependency */,
			);
			name = BFPaperCheckboxTests;
			productName = BFPaperCheckboxTests;
			productReference = F40AB5B0197DE209008EC959 /* BFPaperCheckboxTests.xctest */;
			productType = "com.apple.product-type.bundle.unit-test";
		};
/* End PBXNativeTarget section */

/* Begin PBXProject section */
		F40AB587197DE209008EC959 /* Project object */ = {
			isa = PBXProject;
			attributes = {
				CLASSPREFIX = BFPaper;
				LastUpgradeCheck = 0800;
				ORGANIZATIONNAME = "Bence Feher";
				TargetAttributes = {
					F40AB5AF197DE209008EC959 = {
						TestTargetID = F40AB58E197DE209008EC959;
					};
				};
			};
			buildConfigurationList = F40AB58A197DE209008EC959 /* Build configuration list for PBXProject "BFPaperCheckbox" */;
			compatibilityVersion = "Xcode 3.2";
			developmentRegion = English;
			hasScannedForEncodings = 0;
			knownRegions = (
				en,
				Base,
			);
			mainGroup = F40AB586197DE209008EC959;
			productRefGroup = F40AB590197DE209008EC959 /* Products */;
			projectDirPath = "";
			projectRoot = "";
			targets = (
				F40AB58E197DE209008EC959 /* BFPaperCheckbox */,
				F40AB5AF197DE209008EC959 /* BFPaperCheckboxTests */,
			);
		};
/* End PBXProject section */

/* Begin PBXResourcesBuildPhase section */
		F40AB58D197DE209008EC959 /* Resources */ = {
			isa = PBXResourcesBuildPhase;
			buildActionMask = 2147483647;
			files = (
				F40AB5AB197DE209008EC959 /* Images.xcassets in Resources */,
				F40AB59D197DE209008EC959 /* InfoPlist.strings in Resources */,
				505A11071DADB39D00262C8C /* Launch Screen.storyboard in Resources */,
				F40AB5A6197DE209008EC959 /* Main.storyboard in Resources */,
			);
			runOnlyForDeploymentPostprocessing = 0;
		};
		F40AB5AE197DE209008EC959 /* Resources */ = {
			isa = PBXResourcesBuildPhase;
			buildActionMask = 2147483647;
			files = (
				F40AB5BC197DE209008EC959 /* InfoPlist.strings in Resources */,
			);
			runOnlyForDeploymentPostprocessing = 0;
		};
/* End PBXResourcesBuildPhase section */

/* Begin PBXShellScriptBuildPhase section */
		096BF3841197EC8BC6AE1C14 /* [CP] Check Pods Manifest.lock */ = {
			isa = PBXShellScriptBuildPhase;
			buildActionMask = 2147483647;
			files = (
			);
			inputPaths = (
			);
			name = "[CP] Check Pods Manifest.lock";
			outputPaths = (
			);
			runOnlyForDeploymentPostprocessing = 0;
			shellPath = /bin/sh;
			shellScript = "diff \"${PODS_ROOT}/../Podfile.lock\" \"${PODS_ROOT}/Manifest.lock\" > /dev/null\nif [[ $? != 0 ]] ; then\n    cat << EOM\nerror: The sandbox is not in sync with the Podfile.lock. Run 'pod install' or update your CocoaPods installation.\nEOM\n    exit 1\nfi\n";
			showEnvVarsInLog = 0;
		};
		29F05F9DCAA07B4CD6F18289 /* [CP] Embed Pods Frameworks */ = {
			isa = PBXShellScriptBuildPhase;
			buildActionMask = 2147483647;
			files = (
			);
			inputPaths = (
			);
			name = "[CP] Embed Pods Frameworks";
			outputPaths = (
			);
			runOnlyForDeploymentPostprocessing = 0;
			shellPath = /bin/sh;
			shellScript = "\"${SRCROOT}/Pods/Target Support Files/Pods-BFPaperCheckbox/Pods-BFPaperCheckbox-frameworks.sh\"\n";
			showEnvVarsInLog = 0;
		};
		412C4DB4706B539F2BAB7480 /* [CP] Copy Pods Resources */ = {
			isa = PBXShellScriptBuildPhase;
			buildActionMask = 2147483647;
			files = (
			);
			inputPaths = (
			);
			name = "[CP] Copy Pods Resources";
			outputPaths = (
			);
			runOnlyForDeploymentPostprocessing = 0;
			shellPath = /bin/sh;
			shellScript = "\"${SRCROOT}/Pods/Target Support Files/Pods-BFPaperCheckboxTests/Pods-BFPaperCheckboxTests-resources.sh\"\n";
			showEnvVarsInLog = 0;
		};
		53D339CC74F3258DAEA7949D /* [CP] Copy Pods Resources */ = {
			isa = PBXShellScriptBuildPhase;
			buildActionMask = 2147483647;
			files = (
			);
			inputPaths = (
			);
			name = "[CP] Copy Pods Resources";
			outputPaths = (
			);
			runOnlyForDeploymentPostprocessing = 0;
			shellPath = /bin/sh;
			shellScript = "\"${SRCROOT}/Pods/Target Support Files/Pods-BFPaperCheckbox/Pods-BFPaperCheckbox-resources.sh\"\n";
			showEnvVarsInLog = 0;
		};
		A1B00AE70FB8B1F35BD5BABC /* [CP] Check Pods Manifest.lock */ = {
			isa = PBXShellScriptBuildPhase;
			buildActionMask = 2147483647;
			files = (
			);
			inputPaths = (
			);
			name = "[CP] Check Pods Manifest.lock";
			outputPaths = (
			);
			runOnlyForDeploymentPostprocessing = 0;
			shellPath = /bin/sh;
			shellScript = "diff \"${PODS_ROOT}/../Podfile.lock\" \"${PODS_ROOT}/Manifest.lock\" > /dev/null\nif [[ $? != 0 ]] ; then\n    cat << EOM\nerror: The sandbox is not in sync with the Podfile.lock. Run 'pod install' or update your CocoaPods installation.\nEOM\n    exit 1\nfi\n";
			showEnvVarsInLog = 0;
		};
		E487B7BCE62A9B22BBA7DC68 /* [CP] Embed Pods Frameworks */ = {
			isa = PBXShellScriptBuildPhase;
			buildActionMask = 2147483647;
			files = (
			);
			inputPaths = (
			);
			name = "[CP] Embed Pods Frameworks";
			outputPaths = (
			);
			runOnlyForDeploymentPostprocessing = 0;
			shellPath = /bin/sh;
			shellScript = "\"${SRCROOT}/Pods/Target Support Files/Pods-BFPaperCheckboxTests/Pods-BFPaperCheckboxTests-frameworks.sh\"\n";
			showEnvVarsInLog = 0;
		};
		F45A44F11A77113D006A64C3 /* ShellScript */ = {
			isa = PBXShellScriptBuildPhase;
			buildActionMask = 2147483647;
			files = (
			);
			inputPaths = (
			);
			outputPaths = (
			);
			runOnlyForDeploymentPostprocessing = 0;
			shellPath = /bin/bash;
			shellScript = "echo \"Running Build Number bash script.\"\nbuildNumber=$(/usr/libexec/PlistBuddy -c \"Print CFBundleVersion\" \"$INFOPLIST_FILE\")\nbuildNumber=$(($buildNumber + 1))\n/usr/libexec/PlistBuddy -c \"Set :CFBundleVersion $buildNumber\" \"$INFOPLIST_FILE\"\nupdatedBuildNumber=$(/usr/libexec/PlistBuddy -c \"Print CFBundleVersion\" \"$INFOPLIST_FILE\")\necho \"Updated Build Number $updatedBuildNumber\"";
		};
/* End PBXShellScriptBuildPhase section */

/* Begin PBXSourcesBuildPhase section */
		F40AB58B197DE209008EC959 /* Sources */ = {
			isa = PBXSourcesBuildPhase;
			buildActionMask = 2147483647;
			files = (
				F40AB5A9197DE209008EC959 /* BFPaperViewController.m in Sources */,
				F40AB59F197DE209008EC959 /* main.m in Sources */,
				F40AB5A3197DE209008EC959 /* BFPaperAppDelegate.m in Sources */,
				F40AB5C9197DE2CB008EC959 /* BFPaperCheckbox.m in Sources */,
			);
			runOnlyForDeploymentPostprocessing = 0;
		};
		F40AB5AC197DE209008EC959 /* Sources */ = {
			isa = PBXSourcesBuildPhase;
			buildActionMask = 2147483647;
			files = (
				F40AB5BE197DE209008EC959 /* BFPaperCheckboxTests.m in Sources */,
			);
			runOnlyForDeploymentPostprocessing = 0;
		};
/* End PBXSourcesBuildPhase section */

/* Begin PBXTargetDependency section */
		F40AB5B6197DE209008EC959 /* PBXTargetDependency */ = {
			isa = PBXTargetDependency;
			target = F40AB58E197DE209008EC959 /* BFPaperCheckbox */;
			targetProxy = F40AB5B5197DE209008EC959 /* PBXContainerItemProxy */;
		};
/* End PBXTargetDependency section */

/* Begin PBXVariantGroup section */
		F40AB59B197DE209008EC959 /* InfoPlist.strings */ = {
			isa = PBXVariantGroup;
			children = (
				F40AB59C197DE209008EC959 /* en */,
			);
			name = InfoPlist.strings;
			sourceTree = "<group>";
		};
		F40AB5A4197DE209008EC959 /* Main.storyboard */ = {
			isa = PBXVariantGroup;
			children = (
				F40AB5A5197DE209008EC959 /* Base */,
			);
			name = Main.storyboard;
			sourceTree = "<group>";
		};
		F40AB5BA197DE209008EC959 /* InfoPlist.strings */ = {
			isa = PBXVariantGroup;
			children = (
				F40AB5BB197DE209008EC959 /* en */,
			);
			name = InfoPlist.strings;
			sourceTree = "<group>";
		};
/* End PBXVariantGroup section */

/* Begin XCBuildConfiguration section */
		F40AB5BF197DE209008EC959 /* Debug */ = {
			isa = XCBuildConfiguration;
			buildSettings = {
				ALWAYS_SEARCH_USER_PATHS = NO;
				CLANG_CXX_LANGUAGE_STANDARD = "gnu++0x";
				CLANG_CXX_LIBRARY = "libc++";
				CLANG_ENABLE_MODULES = YES;
				CLANG_ENABLE_OBJC_ARC = YES;
				CLANG_WARN_BOOL_CONVERSION = YES;
				CLANG_WARN_CONSTANT_CONVERSION = YES;
				CLANG_WARN_DIRECT_OBJC_ISA_USAGE = YES_ERROR;
				CLANG_WARN_EMPTY_BODY = YES;
				CLANG_WARN_ENUM_CONVERSION = YES;
				CLANG_WARN_INFINITE_RECURSION = YES;
				CLANG_WARN_INT_CONVERSION = YES;
				CLANG_WARN_OBJC_ROOT_CLASS = YES_ERROR;
				CLANG_WARN_SUSPICIOUS_MOVE = YES;
				CLANG_WARN_UNREACHABLE_CODE = YES;
				CLANG_WARN__DUPLICATE_METHOD_MATCH = YES;
				"CODE_SIGN_IDENTITY[sdk=iphoneos*]" = "iPhone Developer";
				COPY_PHASE_STRIP = NO;
				ENABLE_STRICT_OBJC_MSGSEND = YES;
				ENABLE_TESTABILITY = YES;
				GCC_C_LANGUAGE_STANDARD = gnu99;
				GCC_DYNAMIC_NO_PIC = NO;
				GCC_NO_COMMON_BLOCKS = YES;
				GCC_OPTIMIZATION_LEVEL = 0;
				GCC_PREPROCESSOR_DEFINITIONS = (
					"DEBUG=1",
					"$(inherited)",
				);
				GCC_SYMBOLS_PRIVATE_EXTERN = NO;
				GCC_WARN_64_TO_32_BIT_CONVERSION = YES;
				GCC_WARN_ABOUT_RETURN_TYPE = YES_ERROR;
				GCC_WARN_UNDECLARED_SELECTOR = YES;
				GCC_WARN_UNINITIALIZED_AUTOS = YES_AGGRESSIVE;
				GCC_WARN_UNUSED_FUNCTION = YES;
				GCC_WARN_UNUSED_VARIABLE = YES;
				IPHONEOS_DEPLOYMENT_TARGET = 8.0;
				ONLY_ACTIVE_ARCH = YES;
				SDKROOT = iphoneos;
			};
			name = Debug;
		};
		F40AB5C0197DE209008EC959 /* Release */ = {
			isa = XCBuildConfiguration;
			buildSettings = {
				ALWAYS_SEARCH_USER_PATHS = NO;
				CLANG_CXX_LANGUAGE_STANDARD = "gnu++0x";
				CLANG_CXX_LIBRARY = "libc++";
				CLANG_ENABLE_MODULES = YES;
				CLANG_ENABLE_OBJC_ARC = YES;
				CLANG_WARN_BOOL_CONVERSION = YES;
				CLANG_WARN_CONSTANT_CONVERSION = YES;
				CLANG_WARN_DIRECT_OBJC_ISA_USAGE = YES_ERROR;
				CLANG_WARN_EMPTY_BODY = YES;
				CLANG_WARN_ENUM_CONVERSION = YES;
				CLANG_WARN_INFINITE_RECURSION = YES;
				CLANG_WARN_INT_CONVERSION = YES;
				CLANG_WARN_OBJC_ROOT_CLASS = YES_ERROR;
				CLANG_WARN_SUSPICIOUS_MOVE = YES;
				CLANG_WARN_UNREACHABLE_CODE = YES;
				CLANG_WARN__DUPLICATE_METHOD_MATCH = YES;
				"CODE_SIGN_IDENTITY[sdk=iphoneos*]" = "iPhone Developer";
				COPY_PHASE_STRIP = YES;
				ENABLE_NS_ASSERTIONS = NO;
				ENABLE_STRICT_OBJC_MSGSEND = YES;
				GCC_C_LANGUAGE_STANDARD = gnu99;
				GCC_NO_COMMON_BLOCKS = YES;
				GCC_WARN_64_TO_32_BIT_CONVERSION = YES;
				GCC_WARN_ABOUT_RETURN_TYPE = YES_ERROR;
				GCC_WARN_UNDECLARED_SELECTOR = YES;
				GCC_WARN_UNINITIALIZED_AUTOS = YES_AGGRESSIVE;
				GCC_WARN_UNUSED_FUNCTION = YES;
				GCC_WARN_UNUSED_VARIABLE = YES;
				IPHONEOS_DEPLOYMENT_TARGET = 8.0;
				SDKROOT = iphoneos;
				VALIDATE_PRODUCT = YES;
			};
			name = Release;
		};
		F40AB5C2197DE209008EC959 /* Debug */ = {
			isa = XCBuildConfiguration;
			baseConfigurationReference = 27E048C28C0139383E3CB039 /* Pods-BFPaperCheckbox.debug.xcconfig */;
			buildSettings = {
				ASSETCATALOG_COMPILER_APPICON_NAME = AppIcon;
				CODE_SIGN_IDENTITY = "iPhone Developer";
				GCC_PRECOMPILE_PREFIX_HEADER = YES;
				GCC_PREFIX_HEADER = "BFPaperCheckbox/BFPaperCheckbox-Prefix.pch";
				INFOPLIST_FILE = "BFPaperCheckbox/BFPaperCheckbox-Info.plist";
				PRODUCT_BUNDLE_IDENTIFIER = "com.bencefeher.${PRODUCT_NAME:rfc1034identifier}";
				PRODUCT_NAME = "$(TARGET_NAME)";
				SDKROOT = iphoneos;
				WRAPPER_EXTENSION = app;
			};
			name = Debug;
		};
		F40AB5C3197DE209008EC959 /* Release */ = {
			isa = XCBuildConfiguration;
			baseConfigurationReference = CEF77EB02D26F2B6F6645610 /* Pods-BFPaperCheckbox.release.xcconfig */;
			buildSettings = {
				ASSETCATALOG_COMPILER_APPICON_NAME = AppIcon;
				CODE_SIGN_IDENTITY = "iPhone Developer";
				GCC_PRECOMPILE_PREFIX_HEADER = YES;
				GCC_PREFIX_HEADER = "BFPaperCheckbox/BFPaperCheckbox-Prefix.pch";
				INFOPLIST_FILE = "BFPaperCheckbox/BFPaperCheckbox-Info.plist";
				PRODUCT_BUNDLE_IDENTIFIER = "com.bencefeher.${PRODUCT_NAME:rfc1034identifier}";
				PRODUCT_NAME = "$(TARGET_NAME)";
				SDKROOT = iphoneos;
				WRAPPER_EXTENSION = app;
			};
			name = Release;
		};
		F40AB5C5197DE209008EC959 /* Debug */ = {
			isa = XCBuildConfiguration;
			baseConfigurationReference = 2E554A6366644F1E7C093107 /* Pods-BFPaperCheckboxTests.debug.xcconfig */;
			buildSettings = {
				BUNDLE_LOADER = "$(BUILT_PRODUCTS_DIR)/BFPaperCheckbox.app/BFPaperCheckbox";
				FRAMEWORK_SEARCH_PATHS = (
					"$(SDKROOT)/Developer/Library/Frameworks",
					"$(inherited)",
					"$(DEVELOPER_FRAMEWORKS_DIR)",
				);
				GCC_PRECOMPILE_PREFIX_HEADER = YES;
				GCC_PREFIX_HEADER = "BFPaperCheckbox/BFPaperCheckbox-Prefix.pch";
				GCC_PREPROCESSOR_DEFINITIONS = (
					"DEBUG=1",
					"$(inherited)",
				);
				INFOPLIST_FILE = "BFPaperCheckboxTests/BFPaperCheckboxTests-Info.plist";
				PRODUCT_BUNDLE_IDENTIFIER = "com.bencefeher.${PRODUCT_NAME:rfc1034identifier}";
				PRODUCT_NAME = "$(TARGET_NAME)";
				TEST_HOST = "$(BUNDLE_LOADER)";
				WRAPPER_EXTENSION = xctest;
			};
			name = Debug;
		};
		F40AB5C6197DE209008EC959 /* Release */ = {
			isa = XCBuildConfiguration;
			baseConfigurationReference = 65CD7C6BBAFE71213B1CC54C /* Pods-BFPaperCheckboxTests.release.xcconfig */;
			buildSettings = {
				BUNDLE_LOADER = "$(BUILT_PRODUCTS_DIR)/BFPaperCheckbox.app/BFPaperCheckbox";
				FRAMEWORK_SEARCH_PATHS = (
					"$(SDKROOT)/Developer/Library/Frameworks",
					"$(inherited)",
					"$(DEVELOPER_FRAMEWORKS_DIR)",
				);
				GCC_PRECOMPILE_PREFIX_HEADER = YES;
				GCC_PREFIX_HEADER = "BFPaperCheckbox/BFPaperCheckbox-Prefix.pch";
				INFOPLIST_FILE = "BFPaperCheckboxTests/BFPaperCheckboxTests-Info.plist";
				PRODUCT_BUNDLE_IDENTIFIER = "com.bencefeher.${PRODUCT_NAME:rfc1034identifier}";
				PRODUCT_NAME = "$(TARGET_NAME)";
				TEST_HOST = "$(BUNDLE_LOADER)";
				WRAPPER_EXTENSION = xctest;
			};
			name = Release;
		};
/* End XCBuildConfiguration section */

/* Begin XCConfigurationList section */
		F40AB58A197DE209008EC959 /* Build configuration list for PBXProject "BFPaperCheckbox" */ = {
			isa = XCConfigurationList;
			buildConfigurations = (
				F40AB5BF197DE209008EC959 /* Debug */,
				F40AB5C0197DE209008EC959 /* Release */,
			);
			defaultConfigurationIsVisible = 0;
			defaultConfigurationName = Release;
		};
		F40AB5C1197DE209008EC959 /* Build configuration list for PBXNativeTarget "BFPaperCheckbox" */ = {
			isa = XCConfigurationList;
			buildConfigurations = (
				F40AB5C2197DE209008EC959 /* Debug */,
				F40AB5C3197DE209008EC959 /* Release */,
			);
			defaultConfigurationIsVisible = 0;
			defaultConfigurationName = Release;
		};
		F40AB5C4197DE209008EC959 /* Build configuration list for PBXNativeTarget "BFPaperCheckboxTests" */ = {
			isa = XCConfigurationList;
			buildConfigurations = (
				F40AB5C5197DE209008EC959 /* Debug */,
				F40AB5C6197DE209008EC959 /* Release */,
			);
			defaultConfigurationIsVisible = 0;
			defaultConfigurationName = Release;
		};
/* End XCConfigurationList section */
	};
	rootObject = F40AB587197DE209008EC959 /* Project object */;
}
